
Microsoft Visual Studio Solution File, Format Version 12.00
# Visual Studio Version 17
VisualStudioVersion = 17.6.33801.468
MinimumVisualStudioVersion = 10.0.40219.1
Project("{FAE04EC0-301F-11D3-BF4B-00C04F79EFBC}") = "E-comm", "E-comm\E-comm.csproj", "{6CA33492-985A-47AC-B3A0-63BD546EEACA}"
EndProject
Global
	GlobalSection(SolutionConfigurationPlatforms) = preSolution
		Debug|Any CPU = Debug|Any CPU
		Release|Any CPU = Release|Any CPU
	EndGlobalSection
	GlobalSection(ProjectConfigurationPlatforms) = postSolution
		{6CA33492-985A-47AC-B3A0-63BD546EEACA}.Debug|Any CPU.ActiveCfg = Debug|Any CPU
		{6CA33492-985A-47AC-B3A0-63BD546EEACA}.Debug|Any CPU.Build.0 = Debug|Any CPU
		{6CA33492-985A-47AC-B3A0-63BD546EEACA}.Release|Any CPU.ActiveCfg = Release|Any CPU
		{6CA33492-985A-47AC-B3A0-63BD546EEACA}.Release|Any CPU.Build.0 = Release|Any CPU
	EndGlobalSection
	GlobalSection(SolutionProperties) = preSolution
		HideSolutionNode = FALSE
	EndGlobalSection
	GlobalSection(ExtensibilityGlobals) = postSolution
		SolutionGuid = {7A54EBA9-80D9-4D69-943B-908F2AE23DD2}
	EndGlobalSection
EndGlobal
